
Microsoft Visual Studio Solution File, Format Version 12.00
# Visual Studio Version 16
VisualStudioVersion = 16.0.29905.134
MinimumVisualStudioVersion = 10.0.40219.1
Project("{FAE04EC0-301F-11D3-BF4B-00C04F79EFBC}") = "Lab_1(2-2)", "Lab_1(2-2).csproj", "{40877C35-7F4F-4192-AE74-2AE7F54DCA63}"
EndProject
Global
	GlobalSection(SolutionConfigurationPlatforms) = preSolution
		Debug|Any CPU = Debug|Any CPU
		Release|Any CPU = Release|Any CPU
	EndGlobalSection
	GlobalSection(ProjectConfigurationPlatforms) = postSolution
		{40877C35-7F4F-4192-AE74-2AE7F54DCA63}.Debug|Any CPU.ActiveCfg = Debug|Any CPU
		{40877C35-7F4F-4192-AE74-2AE7F54DCA63}.Debug|Any CPU.Build.0 = Debug|Any CPU
		{40877C35-7F4F-4192-AE74-2AE7F54DCA63}.Release|Any CPU.ActiveCfg = Release|Any CPU
		{40877C35-7F4F-4192-AE74-2AE7F54DCA63}.Release|Any CPU.Build.0 = Release|Any CPU
	EndGlobalSection
	GlobalSection(SolutionProperties) = preSolution
		HideSolutionNode = FALSE
	EndGlobalSection
	GlobalSection(ExtensibilityGlobals) = postSolution
		SolutionGuid = {77D7DDF1-707D-456F-988E-C519ABBF2F6F}
	EndGlobalSection
EndGlobal
